PODS:
  - DateToolsSwift (4.0.0)
  - MASShortcut (2.3.6)

DEPENDENCIES:
  - DateToolsSwift
  - MASShortcut

SPEC REPOS:
  https://github.com/cocoapods/specs.git:
    - DateToolsSwift
    - MASShortcut

SPEC CHECKSUMS:
  DateToolsSwift: 875d97ff9e3a5d54abdd67a269b3f51c757b71ab
  MASShortcut: 9c215e8a8a78f3d01ce56da48e2730ab66b538fa

PODFILE CHECKSUM: 866379aaf846efeb80428abc0aef5cec3b80f2f3

COCOAPODS: 1.7.2
